// !$*UTF8*$!
{
	archiveVersion = 1;
	classes = {
	};
	objectVersion = 50;
	objects = {

/* Begin PBXBuildFile section */
		9D3BA269248A10DC007C5369 /* AppDelegate.swift in Sources */ = {isa = PBXBuildFile; fileRef = 9D3BA268248A10DC007C5369 /* AppDelegate.swift */; };
		9D3BA26B248A10DC007C5369 /* SceneDelegate.swift in Sources */ = {isa = PBXBuildFile; fileRef = 9D3BA26A248A10DC007C5369 /* SceneDelegate.swift */; };
		9D3BA26D248A10DC007C5369 /* ViewController.swift in Sources */ = {isa = PBXBuildFile; fileRef = 9D3BA26C248A10DC007C5369 /* ViewController.swift */; };
		9D3BA270248A10DC007C5369 /* Main.storyboard in Resources */ = {isa = PBXBuildFile; fileRef = 9D3BA26E248A10DC007C5369 /* Main.storyboard */; };
		9D3BA272248A10DE007C5369 /* Assets.xcassets in Resources */ = {isa = PBXBuildFile; fileRef = 9D3BA271248A10DE007C5369 /* Assets.xcassets */; };
		9D3BA275248A10DE007C5369 /* LaunchScreen.storyboard in Resources */ = {isa = PBXBuildFile; fileRef = 9D3BA273248A10DE007C5369 /* LaunchScreen.storyboard */; };
		9D3BA27F248A5D67007C5369 /* ListVC.swift in Sources */ = {isa = PBXBuildFile; fileRef = 9D3BA27E248A5D67007C5369 /* ListVC.swift */; };
		9D3BA285248A6227007C5369 /* audioFiles in Resources */ = {isa = PBXBuildFile; fileRef = 9D3BA284248A6227007C5369 /* audioFiles */; };
		9D3BA287248A6598007C5369 /* audioAssestsCell.swift in Sources */ = {isa = PBXBuildFile; fileRef = 9D3BA286248A6598007C5369 /* audioAssestsCell.swift */; };
		9D89E236248E318E008B0040 /* AudioPowerVisualizerView.swift in Sources */ = {isa = PBXBuildFile; fileRef = 9D89E235248E318E008B0040 /* AudioPowerVisualizerView.swift */; };
/* End PBXBuildFile section */

/* Begin PBXFileReference section */
		9D3BA265248A10DC007C5369 /* AudioPlayer.app */ = {isa = PBXFileReference; explicitFileType = wrapper.application; includeInIndex = 0; path = AudioPlayer.app; sourceTree = BUILT_PRODUCTS_DIR; };
		9D3BA268248A10DC007C5369 /* AppDelegate.swift */ = {isa = PBXFileReference; lastKnownFileType = sourcecode.swift; path = AppDelegate.swift; sourceTree = "<group>"; };
		9D3BA26A248A10DC007C5369 /* SceneDelegate.swift */ = {isa = PBXFileReference; lastKnownFileType = sourcecode.swift; path = SceneDelegate.swift; sourceTree = "<group>"; };
		9D3BA26C248A10DC007C5369 /* ViewController.swift */ = {isa = PBXFileReference; lastKnownFileType = sourcecode.swift; path = ViewController.swift; sourceTree = "<group>"; };
		9D3BA26F248A10DC007C5369 /* Base */ = {isa = PBXFileReference; lastKnownFileType = file.storyboard; name = Base; path = Base.lproj/Main.storyboard; sourceTree = "<group>"; };
		9D3BA271248A10DE007C5369 /* Assets.xcassets */ = {isa = PBXFileReference; lastKnownFileType = folder.assetcatalog; path = Assets.xcassets; sourceTree = "<group>"; };
		9D3BA274248A10DE007C5369 /* Base */ = {isa = PBXFileReference; lastKnownFileType = file.storyboard; name = Base; path = Base.lproj/LaunchScreen.storyboard; sourceTree = "<group>"; };
		9D3BA276248A10DE007C5369 /* Info.plist */ = {isa = PBXFileReference; lastKnownFileType = text.plist.xml; path = Info.plist; sourceTree = "<group>"; };
		9D3BA27E248A5D67007C5369 /* ListVC.swift */ = {isa = PBXFileReference; lastKnownFileType = sourcecode.swift; path = ListVC.swift; sourceTree = "<group>"; };
		9D3BA284248A6227007C5369 /* audioFiles */ = {isa = PBXFileReference; lastKnownFileType = folder; path = audioFiles; sourceTree = "<group>"; };
		9D3BA286248A6598007C5369 /* audioAssestsCell.swift */ = {isa = PBXFileReference; lastKnownFileType = sourcecode.swift; path = audioAssestsCell.swift; sourceTree = "<group>"; };
		9D89E235248E318E008B0040 /* AudioPowerVisualizerView.swift */ = {isa = PBXFileReference; lastKnownFileType = sourcecode.swift; path = AudioPowerVisualizerView.swift; sourceTree = "<group>"; };
/* End PBXFileReference section */

/* Begin PBXFrameworksBuildPhase section */
		9D3BA262248A10DC007C5369 /* Frameworks */ = {
			isa = PBXFrameworksBuildPhase;
			buildActionMask = 2147483647;
			files = (
			);
			runOnlyForDeploymentPostprocessing = 0;
		};
/* End PBXFrameworksBuildPhase section */

/* Begin PBXGroup section */
		9D3BA25C248A10DC007C5369 = {
			isa = PBXGroup;
			children = (
				9D3BA267248A10DC007C5369 /* AudioPlayer */,
				9D3BA266248A10DC007C5369 /* Products */,
			);
			sourceTree = "<group>";
		};
		9D3BA266248A10DC007C5369 /* Products */ = {
			isa = PBXGroup;
			children = (
				9D3BA265248A10DC007C5369 /* AudioPlayer.app */,
			);
			name = Products;
			sourceTree = "<group>";
		};
		9D3BA267248A10DC007C5369 /* AudioPlayer */ = {
			isa = PBXGroup;
			children = (
				9D3BA284248A6227007C5369 /* audioFiles */,
				9D3BA268248A10DC007C5369 /* AppDelegate.swift */,
				9D3BA26A248A10DC007C5369 /* SceneDelegate.swift */,
				9D3BA26C248A10DC007C5369 /* ViewController.swift */,
				9D3BA26E248A10DC007C5369 /* Main.storyboard */,
				9D3BA271248A10DE007C5369 /* Assets.xcassets */,
				9D3BA273248A10DE007C5369 /* LaunchScreen.storyboard */,
				9D3BA276248A10DE007C5369 /* Info.plist */,
				9D3BA27E248A5D67007C5369 /* ListVC.swift */,
				9D3BA286248A6598007C5369 /* audioAssestsCell.swift */,
				9D89E235248E318E008B0040 /* AudioPowerVisualizerView.swift */,
			);
			path = AudioPlayer;
			sourceTree = "<group>";
		};
/* End PBXGroup section */

/* Begin PBXNativeTarget section */
		9D3BA264248A10DC007C5369 /* AudioPlayer */ = {
			isa = PBXNativeTarget;
			buildConfigurationList = 9D3BA279248A10DE007C5369 /* Build configuration list for PBXNativeTarget "AudioPlayer" */;
			buildPhases = (
				9D3BA261248A10DC007C5369 /* Sources */,
				9D3BA262248A10DC007C5369 /* Frameworks */,
				9D3BA263248A10DC007C5369 /* Resources */,
			);
			buildRules = (
			);
			dependencies = (
			);
			name = AudioPlayer;
			productName = AudioPlayer;
			productReference = 9D3BA265248A10DC007C5369 /* AudioPlayer.app */;
			productType = "com.apple.product-type.application";
		};
/* End PBXNativeTarget section */

/* Begin PBXProject section */
		9D3BA25D248A10DC007C5369 /* Project object */ = {
			isa = PBXProject;
			attributes = {
				LastSwiftUpdateCheck = 1130;
				LastUpgradeCheck = 1130;
				ORGANIZATIONNAME = Nitin;
				TargetAttributes = {
					9D3BA264248A10DC007C5369 = {
						CreatedOnToolsVersion = 11.3.1;
					};
				};
			};
			buildConfigurationList = 9D3BA260248A10DC007C5369 /* Build configuration list for PBXProject "AudioPlayer" */;
			compatibilityVersion = "Xcode 9.3";
			developmentRegion = en;
			hasScannedForEncodings = 0;
			knownRegions = (
				en,
				Base,
			);
			mainGroup = 9D3BA25C248A10DC007C5369;
			productRefGroup = 9D3BA266248A10DC007C5369 /* Products */;
			projectDirPath = "";
			projectRoot = "";
			targets = (
				9D3BA264248A10DC007C5369 /* AudioPlayer */,
			);
		};
/* End PBXProject section */

/* Begin PBXResourcesBuildPhase section */
		9D3BA263248A10DC007C5369 /* Resources */ = {
			isa = PBXResourcesBuildPhase;
			buildActionMask = 2147483647;
			files = (
				9D3BA275248A10DE007C5369 /* LaunchScreen.storyboard in Resources */,
				9D3BA272248A10DE007C5369 /* Assets.xcassets in Resources */,
				9D3BA270248A10DC007C5369 /* Main.storyboard in Resources */,
				9D3BA285248A6227007C5369 /* audioFiles in Resources */,
			);
			runOnlyForDeploymentPostprocessing = 0;
		};
/* End PBXResourcesBuildPhase section */

/* Begin PBXSourcesBuildPhase section */
		9D3BA261248A10DC007C5369 /* Sources */ = {
			isa = PBXSourcesBuildPhase;
			buildActionMask = 2147483647;
			files = (
				9D3BA27F248A5D67007C5369 /* ListVC.swift in Sources */,
				9D3BA287248A6598007C5369 /* audioAssestsCell.swift in Sources */,
				9D3BA26D248A10DC007C5369 /* ViewController.swift in Sources */,
				9D3BA269248A10DC007C5369 /* AppDelegate.swift in Sources */,
				9D3BA26B248A10DC007C5369 /* SceneDelegate.swift in Sources */,
				9D89E236248E318E008B0040 /* AudioPowerVisualizerView.swift in Sources */,
			);
			runOnlyForDeploymentPostprocessing = 0;
		};
/* End PBXSourcesBuildPhase section */

/* Begin PBXVariantGroup section */
		9D3BA26E248A10DC007C5369 /* Main.storyboard */ = {
			isa = PBXVariantGroup;
			children = (
				9D3BA26F248A10DC007C5369 /* Base */,
			);
			name = Main.storyboard;
			sourceTree = "<group>";
		};
		9D3BA273248A10DE007C5369 /* LaunchScreen.storyboard */ = {
			isa = PBXVariantGroup;
			children = (
				9D3BA274248A10DE007C5369 /* Base */,
			);
			name = LaunchScreen.storyboard;
			sourceTree = "<group>";
		};
/* End PBXVariantGroup section */

/* Begin XCBuildConfiguration section */
		9D3BA277248A10DE007C5369 /* Debug */ = {
			isa = XCBuildConfiguration;
			buildSettings = {
				ALWAYS_SEARCH_USER_PATHS = NO;
				CLANG_ANALYZER_NONNULL = YES;
				CLANG_ANALYZER_NUMBER_OBJECT_CONVERSION = YES_AGGRESSIVE;
				CLANG_CXX_LANGUAGE_STANDARD = "gnu++14";
				CLANG_CXX_LIBRARY = "libc++";
				CLANG_ENABLE_MODULES = YES;
				CLANG_ENABLE_OBJC_ARC = YES;
				CLANG_ENABLE_OBJC_WEAK = YES;
				CLANG_WARN_BLOCK_CAPTURE_AUTORELEASING = YES;
				CLANG_WARN_BOOL_CONVERSION = YES;
				CLANG_WARN_COMMA = YES;
				CLANG_WARN_CONSTANT_CONVERSION = YES;
				CLANG_WARN_DEPRECATED_OBJC_IMPLEMENTATIONS = YES;
				CLANG_WARN_DIRECT_OBJC_ISA_USAGE = YES_ERROR;
				CLANG_WARN_DOCUMENTATION_COMMENTS = YES;
				CLANG_WARN_EMPTY_BODY = YES;
				CLANG_WARN_ENUM_CONVERSION = YES;
				CLANG_WARN_INFINITE_RECURSION = YES;
				CLANG_WARN_INT_CONVERSION = YES;
				CLANG_WARN_NON_LITERAL_NULL_CONVERSION = YES;
				CLANG_WARN_OBJC_IMPLICIT_RETAIN_SELF = YES;
				CLANG_WARN_OBJC_LITERAL_CONVERSION = YES;
				CLANG_WARN_OBJC_ROOT_CLASS = YES_ERROR;
				CLANG_WARN_RANGE_LOOP_ANALYSIS = YES;
				CLANG_WARN_STRICT_PROTOTYPES = YES;
				CLANG_WARN_SUSPICIOUS_MOVE = YES;
				CLANG_WARN_UNGUARDED_AVAILABILITY = YES_AGGRESSIVE;
				CLANG_WARN_UNREACHABLE_CODE = YES;
				CLANG_WARN__DUPLICATE_METHOD_MATCH = YES;
				COPY_PHASE_STRIP = NO;
				DEBUG_INFORMATION_FORMAT = dwarf;
				ENABLE_STRICT_OBJC_MSGSEND = YES;
				ENABLE_TESTABILITY = YES;
				GCC_C_LANGUAGE_STANDARD = gnu11;
				GCC_DYNAMIC_NO_PIC = NO;
				GCC_NO_COMMON_BLOCKS = YES;
				GCC_OPTIMIZATION_LEVEL = 0;
				GCC_PREPROCESSOR_DEFINITIONS = (
					"DEBUG=1",
					"$(inherited)",
				);
				GCC_WARN_64_TO_32_BIT_CONVERSION = YES;
				GCC_WARN_ABOUT_RETURN_TYPE = YES_ERROR;
				GCC_WARN_UNDECLARED_SELECTOR = YES;
				GCC_WARN_UNINITIALIZED_AUTOS = YES_AGGRESSIVE;
				GCC_WARN_UNUSED_FUNCTION = YES;
				GCC_WARN_UNUSED_VARIABLE = YES;
				IPHONEOS_DEPLOYMENT_TARGET = 13.2;
				MTL_ENABLE_DEBUG_INFO = INCLUDE_SOURCE;
				MTL_FAST_MATH = YES;
				ONLY_ACTIVE_ARCH = YES;
				SDKROOT = iphoneos;
				SWIFT_ACTIVE_COMPILATION_CONDITIONS = DEBUG;
				SWIFT_OPTIMIZATION_LEVEL = "-Onone";
			};
			name = Debug;
		};
		9D3BA278248A10DE007C5369 /* Release */ = {
			isa = XCBuildConfiguration;
			buildSettings = {
				ALWAYS_SEARCH_USER_PATHS = NO;
				CLANG_ANALYZER_NONNULL = YES;
				CLANG_ANALYZER_NUMBER_OBJECT_CONVERSION = YES_AGGRESSIVE;
				CLANG_CXX_LANGUAGE_STANDARD = "gnu++14";
				CLANG_CXX_LIBRARY = "libc++";
				CLANG_ENABLE_MODULES = YES;
				CLANG_ENABLE_OBJC_ARC = YES;
				CLANG_ENABLE_OBJC_WEAK = YES;
				CLANG_WARN_BLOCK_CAPTURE_AUTORELEASING = YES;
				CLANG_WARN_BOOL_CONVERSION = YES;
				CLANG_WARN_COMMA = YES;
				CLANG_WARN_CONSTANT_CONVERSION = YES;
				CLANG_WARN_DEPRECATED_OBJC_IMPLEMENTATIONS = YES;
				CLANG_WARN_DIRECT_OBJC_ISA_USAGE = YES_ERROR;
				CLANG_WARN_DOCUMENTATION_COMMENTS = YES;
				CLANG_WARN_EMPTY_BODY = YES;
				CLANG_WARN_ENUM_CONVERSION = YES;
				CLANG_WARN_INFINITE_RECURSION = YES;
				CLANG_WARN_INT_CONVERSION = YES;
				CLANG_WARN_NON_LITERAL_NULL_CONVERSION = YES;
				CLANG_WARN_OBJC_IMPLICIT_RETAIN_SELF = YES;
				CLANG_WARN_OBJC_LITERAL_CONVERSION = YES;
				CLANG_WARN_OBJC_ROOT_CLASS = YES_ERROR;
				CLANG_WARN_RANGE_LOOP_ANALYSIS = YES;
				CLANG_WARN_STRICT_PROTOTYPES = YES;
				CLANG_WARN_SUSPICIOUS_MOVE = YES;
				CLANG_WARN_UNGUARDED_AVAILABILITY = YES_AGGRESSIVE;
				CLANG_WARN_UNREACHABLE_CODE = YES;
				CLANG_WARN__DUPLICATE_METHOD_MATCH = YES;
				COPY_PHASE_STRIP = NO;
				DEBUG_INFORMATION_FORMAT = "dwarf-with-dsym";
				ENABLE_NS_ASSERTIONS = NO;
				ENABLE_STRICT_OBJC_MSGSEND = YES;
				GCC_C_LANGUAGE_STANDARD = gnu11;
				GCC_NO_COMMON_BLOCKS = YES;
				GCC_WARN_64_TO_32_BIT_CONVERSION = YES;
				GCC_WARN_ABOUT_RETURN_TYPE = YES_ERROR;
				GCC_WARN_UNDECLARED_SELECTOR = YES;
				GCC_WARN_UNINITIALIZED_AUTOS = YES_AGGRESSIVE;
				GCC_WARN_UNUSED_FUNCTION = YES;
				GCC_WARN_UNUSED_VARIABLE = YES;
				IPHONEOS_DEPLOYMENT_TARGET = 13.2;
				MTL_ENABLE_DEBUG_INFO = NO;
				MTL_FAST_MATH = YES;
				SDKROOT = iphoneos;
				SWIFT_COMPILATION_MODE = wholemodule;
				SWIFT_OPTIMIZATION_LEVEL = "-O";
				VALIDATE_PRODUCT = YES;
			};
			name = Release;
		};
		9D3BA27A248A10DE007C5369 /* Debug */ = {
			isa = XCBuildConfiguration;
			buildSettings = {
				ASSETCATALOG_COMPILER_APPICON_NAME = AppIcon;
				CODE_SIGN_STYLE = Manual;
				DEVELOPMENT_TEAM = "";
				INFOPLIST_FILE = AudioPlayer/Info.plist;
				LD_RUNPATH_SEARCH_PATHS = (
					"$(inherited)",
					"@executable_path/Frameworks",
				);
				PRODUCT_BUNDLE_IDENTIFIER = t.AudioPlayer;
				PRODUCT_NAME = "$(TARGET_NAME)";
				PROVISIONING_PROFILE_SPECIFIER = "";
				SWIFT_VERSION = 5.0;
				TARGETED_DEVICE_FAMILY = "1,2";
			};
			name = Debug;
		};
		9D3BA27B248A10DE007C5369 /* Release */ = {
			isa = XCBuildConfiguration;
			buildSettings = {
				ASSETCATALOG_COMPILER_APPICON_NAME = AppIcon;
				CODE_SIGN_STYLE = Manual;
				DEVELOPMENT_TEAM = "";
				INFOPLIST_FILE = AudioPlayer/Info.plist;
				LD_RUNPATH_SEARCH_PATHS = (
					"$(inherited)",
					"@executable_path/Frameworks",
				);
				PRODUCT_BUNDLE_IDENTIFIER = t.AudioPlayer;
				PRODUCT_NAME = "$(TARGET_NAME)";
				PROVISIONING_PROFILE_SPECIFIER = "";
				SWIFT_VERSION = 5.0;
				TARGETED_DEVICE_FAMILY = "1,2";
			};
			name = Release;
		};
/* End XCBuildConfiguration section */

/* Begin XCConfigurationList section */
		9D3BA260248A10DC007C5369 /* Build configuration list for PBXProject "AudioPlayer" */ = {
			isa = XCConfigurationList;
			buildConfigurations = (
				9D3BA277248A10DE007C5369 /* Debug */,
				9D3BA278248A10DE007C5369 /* Release */,
			);
			defaultConfigurationIsVisible = 0;
			defaultConfigurationName = Release;
		};
		9D3BA279248A10DE007C5369 /* Build configuration list for PBXNativeTarget "AudioPlayer" */ = {
			isa = XCConfigurationList;
			buildConfigurations = (
				9D3BA27A248A10DE007C5369 /* Debug */,
				9D3BA27B248A10DE007C5369 /* Release */,
			);
			defaultConfigurationIsVisible = 0;
			defaultConfigurationName = Release;
		};
/* End XCConfigurationList section */
	};
	rootObject = 9D3BA25D248A10DC007C5369 /* Project object */;
}
